<?xml version="1.0" encoding="utf-8"?>
<Project ToolsVersion="4.0" xmlns="http://schemas.microsoft.com/developer/msbuild/2003">
  <ItemGroup>
    <Filter Include="Source Files">
      <UniqueIdentifier>{4FC737F1-C7A5-4376-A066-2A32D752A2FF}</UniqueIdentifier>
      <Extensions>cpp;c;cc;cxx;def;odl;idl;hpj;bat;asm;asmx</Extensions>
    </Filter>
    <Filter Include="Header Files">
      <UniqueIdentifier>{93995380-89BD-4b04-88EB-625FBE52EBFB}</UniqueIdentifier>
      <Extensions>h;hpp;hxx;hm;inl;inc;xsd</Extensions>
    </Filter>
    <Filter Include="Header Files\SSDeep">
      <UniqueIdentifier>{0275ecc4-9145-4f49-a31a-f54395d438cd}</UniqueIdentifier>
    </Filter>
    <Filter Include="Resource Files">
      <UniqueIdentifier>{67DA6AB6-F800-4c08-8B7A-83BB121AAD01}</UniqueIdentifier>
      <Extensions>rc;ico;cur;bmp;dlg;rc2;rct;bin;rgs;gif;jpg;jpeg;jpe;resx;tiff;tif;png;wav</Extensions>
    </Filter>
  </ItemGroup>
  <ItemGroup>
    <ClCompile Include="cAPIHook.cpp">
      <Filter>Source Files</Filter>
    </ClCompile>
    <ClCompile Include="cApp.cpp">
      <Filter>Source Files</Filter>
    </ClCompile>
    <ClCompile Include="cCode.cpp">
      <Filter>Source Files</Filter>
    </ClCompile>
    <ClCompile Include="cConsoleApp.cpp">
      <Filter>Source Files</Filter>
    </ClCompile>
    <ClCompile Include="cDebugger.cpp">
      <Filter>Source Files</Filter>
    </ClCompile>
    <ClCompile Include="cELFFile.cpp">
      <Filter>Source Files</Filter>
    </ClCompile>
    <ClCompile Include="cEventIPC.cpp">
      <Filter>Source Files</Filter>
    </ClCompile>
    <ClCompile Include="CFile.cpp">
      <Filter>Source Files</Filter>
    </ClCompile>
    <ClCompile Include="cFileToWrite.cpp">
      <Filter>Source Files</Filter>
    </ClCompile>
    <ClCompile Include="cHash.cpp">
      <Filter>Source Files</Filter>
    </ClCompile>
    <ClCompile Include="cHTTPSocket.cpp">
      <Filter>Source Files</Filter>
    </ClCompile>
    <ClCompile Include="cList.cpp">
      <Filter>Source Files</Filter>
    </ClCompile>
    <ClCompile Include="cLog.cpp">
      <Filter>Source Files</Filter>
    </ClCompile>
    <ClCompile Include="CPEFile.cpp">
      <Filter>Source Files</Filter>
    </ClCompile>
    <ClCompile Include="CPokasAsm.cpp">
      <Filter>Source Files</Filter>
    </ClCompile>
    <ClCompile Include="CPokasEmu.cpp">
      <Filter>Source Files</Filter>
    </ClCompile>
    <ClCompile Include="cProcess.cpp">
      <Filter>Source Files</Filter>
    </ClCompile>
    <ClCompile Include="cProcessScanner.cpp">
      <Filter>Source Files</Filter>
    </ClCompile>
    <ClCompile Include="cRecursiveScanner.cpp">
      <Filter>Source Files</Filter>
    </ClCompile>
    <ClCompile Include="cSerializer.cpp">
      <Filter>Source Files</Filter>
    </ClCompile>
    <ClCompile Include="cSQLiteDatabase.cpp">
      <Filter>Source Files</Filter>
    </ClCompile>
    <ClCompile Include="cString.cpp">
      <Filter>Source Files</Filter>
    </ClCompile>
    <ClCompile Include="cThread.cpp">
      <Filter>Source Files</Filter>
    </ClCompile>
    <ClCompile Include="cYaraScanner.cpp">
      <Filter>Source Files</Filter>
    </ClCompile>
    <ClCompile Include="dllmain.cpp">
      <Filter>Source Files</Filter>
    </ClCompile>
    <ClCompile Include="EncodedStrings.cpp">
      <Filter>Source Files</Filter>
    </ClCompile>
    <ClCompile Include="KernelModeComm.cpp">
      <Filter>Source Files</Filter>
    </ClCompile>
    <ClCompile Include="Registry.cpp">
      <Filter>Source Files</Filter>
    </ClCompile>
    <ClCompile Include="Socket.cpp">
      <Filter>Source Files</Filter>
    </ClCompile>
    <ClCompile Include="SRDF.cpp">
      <Filter>Source Files</Filter>
    </ClCompile>
    <ClCompile Include="SSDeep.cpp">
      <Filter>Source Files</Filter>
    </ClCompile>
    <ClCompile Include="stdafx.cpp">
      <Filter>Source Files</Filter>
    </ClCompile>
    <ClCompile Include="ThreadMgr.cpp">
      <Filter>Source Files</Filter>
    </ClCompile>
    <ClCompile Include="SSDeep\edit_dist.cpp">
      <Filter>Header Files\SSDeep</Filter>
    </ClCompile>
    <ClCompile Include="SSDeep\find-file-size.cpp">
      <Filter>Header Files\SSDeep</Filter>
    </ClCompile>
    <ClCompile Include="SSDeep\fuzzy.cpp">
      <Filter>Header Files\SSDeep</Filter>
    </ClCompile>
    <ClCompile Include="cPacket.cpp">
      <Filter>Source Files</Filter>
    </ClCompile>
    <ClCompile Include="cPacketGen.cpp">
      <Filter>Source Files</Filter>
    </ClCompile>
    <ClCompile Include="cPcapFile.cpp">
      <Filter>Source Files</Filter>
    </ClCompile>
    <ClCompile Include="cConStream.cpp">
      <Filter>Source Files</Filter>
    </ClCompile>
  </ItemGroup>
  <ItemGroup>
    <ClInclude Include="includes\Connections\Connections.h">
      <Filter>Header Files</Filter>
    </ClInclude>
    <ClInclude Include="includes\Elements\cString.h">
      <Filter>Header Files</Filter>
    </ClInclude>
    <ClInclude Include="includes\Elements\cThread.h">
      <Filter>Header Files</Filter>
    </ClInclude>
    <ClInclude Include="includes\Libraries\cYaraScanner.h">
      <Filter>Header Files</Filter>
    </ClInclude>
    <ClInclude Include="includes\Elements\Elements.h">
      <Filter>Header Files</Filter>
    </ClInclude>
    <ClInclude Include="includes\Targets\elf.h">
      <Filter>Header Files</Filter>
    </ClInclude>
    <ClInclude Include="includes\Libraries\Libraries.h">
      <Filter>Header Files</Filter>
    </ClInclude>
    <ClInclude Include="includes\Elements\pe.h">
      <Filter>Header Files</Filter>
    </ClInclude>
    <ClInclude Include="includes\Connections\Socket.h">
      <Filter>Header Files</Filter>
    </ClInclude>
    <ClInclude Include="includes\Storage\sqlite3.h">
      <Filter>Header Files</Filter>
    </ClInclude>
    <ClInclude Include="SRDF.h">
      <Filter>Header Files</Filter>
    </ClInclude>
    <ClInclude Include="stdafx.h">
      <Filter>Header Files</Filter>
    </ClInclude>
    <ClInclude Include="includes\Storage\Storage.h">
      <Filter>Header Files</Filter>
    </ClInclude>
    <ClInclude Include="includes\Targets\Targets.h">
      <Filter>Header Files</Filter>
    </ClInclude>
    <ClInclude Include="targetver.h">
      <Filter>Header Files</Filter>
    </ClInclude>
    <ClInclude Include="includes\Libraries\x86emu.h">
      <Filter>Header Files</Filter>
    </ClInclude>
    <ClInclude Include="includes\Libraries\yara.h">
      <Filter>Header Files</Filter>
    </ClInclude>
    <ClInclude Include="SSDeep\fuzzy.h">
      <Filter>Header Files\SSDeep</Filter>
    </ClInclude>
    <ClInclude Include="SSDeep\main.h">
      <Filter>Header Files\SSDeep</Filter>
    </ClInclude>
  </ItemGroup>
  <ItemGroup>
    <None Include="ReadMe.txt" />
  </ItemGroup>
</Project>